
Microsoft Visual Studio Solution File, Format Version 12.00
# Visual Studio Version 17
VisualStudioVersion = 17.7.34031.279
MinimumVisualStudioVersion = 10.0.40219.1
Project("{FAE04EC0-301F-11D3-BF4B-00C04F79EFBC}") = "HitungKelilingSegitiga", "HitungKelilingSegitiga\HitungKelilingSegitiga.csproj", "{E32F53B0-3B05-4909-BDDD-1E06E8212FB9}"
EndProject
Project("{FAE04EC0-301F-11D3-BF4B-00C04F79EFBC}") = "HitungKelilingSegitigaTests", "HitungKelilingSegitigaTests\HitungKelilingSegitigaTests.csproj", "{A6E71B40-61FD-42E4-A8B6-4401B7E01236}"
EndProject
Global
	GlobalSection(SolutionConfigurationPlatforms) = preSolution
		Debug|Any CPU = Debug|Any CPU
		Release|Any CPU = Release|Any CPU
	EndGlobalSection
	GlobalSection(ProjectConfigurationPlatforms) = postSolution
		{E32F53B0-3B05-4909-BDDD-1E06E8212FB9}.Debug|Any CPU.ActiveCfg = Debug|Any CPU
		{E32F53B0-3B05-4909-BDDD-1E06E8212FB9}.Debug|Any CPU.Build.0 = Debug|Any CPU
		{E32F53B0-3B05-4909-BDDD-1E06E8212FB9}.Release|Any CPU.ActiveCfg = Release|Any CPU
		{E32F53B0-3B05-4909-BDDD-1E06E8212FB9}.Release|Any CPU.Build.0 = Release|Any CPU
		{A6E71B40-61FD-42E4-A8B6-4401B7E01236}.Debug|Any CPU.ActiveCfg = Debug|Any CPU
		{A6E71B40-61FD-42E4-A8B6-4401B7E01236}.Debug|Any CPU.Build.0 = Debug|Any CPU
		{A6E71B40-61FD-42E4-A8B6-4401B7E01236}.Release|Any CPU.ActiveCfg = Release|Any CPU
		{A6E71B40-61FD-42E4-A8B6-4401B7E01236}.Release|Any CPU.Build.0 = Release|Any CPU
	EndGlobalSection
	GlobalSection(SolutionProperties) = preSolution
		HideSolutionNode = FALSE
	EndGlobalSection
	GlobalSection(ExtensibilityGlobals) = postSolution
		SolutionGuid = {2AFC1F3E-B494-410A-A1D9-ADA132B3FCA7}
	EndGlobalSection
EndGlobal
